
Microsoft Visual Studio Solution File, Format Version 12.00
# Visual Studio Version 16
<<<<<<< HEAD
VisualStudioVersion = 16.0.28315.86
MinimumVisualStudioVersion = 10.0.40219.1
Project("{2150E333-8FDC-42A3-9474-1A3956D46DE8}") = "Engine", "Engine", "{6BA9600C-192F-4A98-AFE7-D35C133573CA}"
EndProject
Project("{2150E333-8FDC-42A3-9474-1A3956D46DE8}") = "Games", "Games", "{78699695-2EAE-49EB-9219-CD360EE45730}"
EndProject
Project("{8BC9CEB8-8B4A-11D0-8D11-00A0C91BC942}") = "UE4", "Intermediate\ProjectFiles\UE4.vcxproj", "{ED715707-E5D7-449D-8E06-72699B0C0882}"
EndProject
Project("{8BC9CEB8-8B4A-11D0-8D11-00A0C91BC942}") = "SumoToUnreal", "Intermediate\ProjectFiles\SumoToUnreal.vcxproj", "{EE942536-3238-4EEC-A56B-4D9CFD2C0EFF}"
EndProject
Project("{2150E333-8FDC-42A3-9474-1A3956D46DE8}") = "Visualizers", "Visualizers", "{B7287C8E-729D-4851-9BC9-D55071EF3128}"
	ProjectSection(SolutionItems) = preProject
		..\..\..\..\..\..\Program Files\Epic Games\UE_4.23\Engine\Extras\VisualStudioDebugging\UE4.natvis = ..\..\..\..\..\..\Program Files\Epic Games\UE_4.23\Engine\Extras\VisualStudioDebugging\UE4.natvis
=======
VisualStudioVersion = 16.0.30523.141
MinimumVisualStudioVersion = 10.0.40219.1
Project("{2150E333-8FDC-42A3-9474-1A3956D46DE8}") = "Engine", "Engine", "{ECC73FFA-DA25-4C0F-96C2-C314C8EB466F}"
EndProject
Project("{2150E333-8FDC-42A3-9474-1A3956D46DE8}") = "Games", "Games", "{2EE3AD25-F819-4E5D-8D2C-BD7F50C7F838}"
EndProject
Project("{8BC9CEB8-8B4A-11D0-8D11-00A0C91BC942}") = "UE4", "Intermediate\ProjectFiles\UE4.vcxproj", "{C4C3CC95-F90E-4D25-9DEE-89C0A4409DA4}"
EndProject
Project("{8BC9CEB8-8B4A-11D0-8D11-00A0C91BC942}") = "SumoToUnreal", "Intermediate\ProjectFiles\SumoToUnreal.vcxproj", "{9F48733D-C728-41B4-A085-61842D20DBE6}"
EndProject
Project("{2150E333-8FDC-42A3-9474-1A3956D46DE8}") = "Visualizers", "Visualizers", "{18E7603E-CDA9-4697-B11B-EB7C634C2BF6}"
	ProjectSection(SolutionItems) = preProject
		..\..\..\..\..\Program Files\Epic Games\UE_4.23\Engine\Extras\VisualStudioDebugging\UE4.natvis = ..\..\..\..\..\Program Files\Epic Games\UE_4.23\Engine\Extras\VisualStudioDebugging\UE4.natvis
>>>>>>> cf15187e4f22eb9283c2ec1c5dc1c0fd3121a4fd
	EndProjectSection
EndProject
Global
	GlobalSection(SolutionConfigurationPlatforms) = preSolution
		DebugGame Editor|HTML5 = DebugGame Editor|HTML5
		DebugGame Editor|Win32 = DebugGame Editor|Win32
		DebugGame Editor|Win64 = DebugGame Editor|Win64
		DebugGame|HTML5 = DebugGame|HTML5
		DebugGame|Win32 = DebugGame|Win32
		DebugGame|Win64 = DebugGame|Win64
		Development Editor|HTML5 = Development Editor|HTML5
		Development Editor|Win32 = Development Editor|Win32
		Development Editor|Win64 = Development Editor|Win64
		Development|HTML5 = Development|HTML5
		Development|Win32 = Development|Win32
		Development|Win64 = Development|Win64
		Shipping|HTML5 = Shipping|HTML5
		Shipping|Win32 = Shipping|Win32
		Shipping|Win64 = Shipping|Win64
	EndGlobalSection
	GlobalSection(ProjectConfigurationPlatforms) = postSolution
<<<<<<< HEAD
		{ED715707-E5D7-449D-8E06-72699B0C0882}.DebugGame Editor|HTML5.ActiveCfg = BuiltWithUnrealBuildTool|Win32
		{ED715707-E5D7-449D-8E06-72699B0C0882}.DebugGame Editor|Win32.ActiveCfg = BuiltWithUnrealBuildTool|Win32
		{ED715707-E5D7-449D-8E06-72699B0C0882}.DebugGame Editor|Win64.ActiveCfg = BuiltWithUnrealBuildTool|Win32
		{ED715707-E5D7-449D-8E06-72699B0C0882}.DebugGame|HTML5.ActiveCfg = BuiltWithUnrealBuildTool|Win32
		{ED715707-E5D7-449D-8E06-72699B0C0882}.DebugGame|Win32.ActiveCfg = BuiltWithUnrealBuildTool|Win32
		{ED715707-E5D7-449D-8E06-72699B0C0882}.DebugGame|Win64.ActiveCfg = BuiltWithUnrealBuildTool|Win32
		{ED715707-E5D7-449D-8E06-72699B0C0882}.Development Editor|HTML5.ActiveCfg = BuiltWithUnrealBuildTool|Win32
		{ED715707-E5D7-449D-8E06-72699B0C0882}.Development Editor|Win32.ActiveCfg = BuiltWithUnrealBuildTool|Win32
		{ED715707-E5D7-449D-8E06-72699B0C0882}.Development Editor|Win64.ActiveCfg = BuiltWithUnrealBuildTool|Win32
		{ED715707-E5D7-449D-8E06-72699B0C0882}.Development|HTML5.ActiveCfg = BuiltWithUnrealBuildTool|Win32
		{ED715707-E5D7-449D-8E06-72699B0C0882}.Development|Win32.ActiveCfg = BuiltWithUnrealBuildTool|Win32
		{ED715707-E5D7-449D-8E06-72699B0C0882}.Development|Win64.ActiveCfg = BuiltWithUnrealBuildTool|Win32
		{ED715707-E5D7-449D-8E06-72699B0C0882}.Shipping|HTML5.ActiveCfg = BuiltWithUnrealBuildTool|Win32
		{ED715707-E5D7-449D-8E06-72699B0C0882}.Shipping|Win32.ActiveCfg = BuiltWithUnrealBuildTool|Win32
		{ED715707-E5D7-449D-8E06-72699B0C0882}.Shipping|Win64.ActiveCfg = BuiltWithUnrealBuildTool|Win32
		{EE942536-3238-4EEC-A56B-4D9CFD2C0EFF}.DebugGame Editor|HTML5.ActiveCfg = Invalid|Win32
		{EE942536-3238-4EEC-A56B-4D9CFD2C0EFF}.DebugGame Editor|Win32.ActiveCfg = Invalid|Win32
		{EE942536-3238-4EEC-A56B-4D9CFD2C0EFF}.DebugGame Editor|Win64.ActiveCfg = DebugGame_Editor|x64
		{EE942536-3238-4EEC-A56B-4D9CFD2C0EFF}.DebugGame Editor|Win64.Build.0 = DebugGame_Editor|x64
		{EE942536-3238-4EEC-A56B-4D9CFD2C0EFF}.DebugGame|HTML5.ActiveCfg = HTML5_DebugGame|Win32
		{EE942536-3238-4EEC-A56B-4D9CFD2C0EFF}.DebugGame|HTML5.Build.0 = HTML5_DebugGame|Win32
		{EE942536-3238-4EEC-A56B-4D9CFD2C0EFF}.DebugGame|Win32.ActiveCfg = DebugGame|Win32
		{EE942536-3238-4EEC-A56B-4D9CFD2C0EFF}.DebugGame|Win32.Build.0 = DebugGame|Win32
		{EE942536-3238-4EEC-A56B-4D9CFD2C0EFF}.DebugGame|Win64.ActiveCfg = DebugGame|x64
		{EE942536-3238-4EEC-A56B-4D9CFD2C0EFF}.DebugGame|Win64.Build.0 = DebugGame|x64
		{EE942536-3238-4EEC-A56B-4D9CFD2C0EFF}.Development Editor|HTML5.ActiveCfg = Invalid|Win32
		{EE942536-3238-4EEC-A56B-4D9CFD2C0EFF}.Development Editor|Win32.ActiveCfg = Invalid|Win32
		{EE942536-3238-4EEC-A56B-4D9CFD2C0EFF}.Development Editor|Win64.ActiveCfg = Development_Editor|x64
		{EE942536-3238-4EEC-A56B-4D9CFD2C0EFF}.Development Editor|Win64.Build.0 = Development_Editor|x64
		{EE942536-3238-4EEC-A56B-4D9CFD2C0EFF}.Development|HTML5.ActiveCfg = HTML5_Development|Win32
		{EE942536-3238-4EEC-A56B-4D9CFD2C0EFF}.Development|HTML5.Build.0 = HTML5_Development|Win32
		{EE942536-3238-4EEC-A56B-4D9CFD2C0EFF}.Development|Win32.ActiveCfg = Development|Win32
		{EE942536-3238-4EEC-A56B-4D9CFD2C0EFF}.Development|Win32.Build.0 = Development|Win32
		{EE942536-3238-4EEC-A56B-4D9CFD2C0EFF}.Development|Win64.ActiveCfg = Development|x64
		{EE942536-3238-4EEC-A56B-4D9CFD2C0EFF}.Development|Win64.Build.0 = Development|x64
		{EE942536-3238-4EEC-A56B-4D9CFD2C0EFF}.Shipping|HTML5.ActiveCfg = HTML5_Shipping|Win32
		{EE942536-3238-4EEC-A56B-4D9CFD2C0EFF}.Shipping|HTML5.Build.0 = HTML5_Shipping|Win32
		{EE942536-3238-4EEC-A56B-4D9CFD2C0EFF}.Shipping|Win32.ActiveCfg = Shipping|Win32
		{EE942536-3238-4EEC-A56B-4D9CFD2C0EFF}.Shipping|Win32.Build.0 = Shipping|Win32
		{EE942536-3238-4EEC-A56B-4D9CFD2C0EFF}.Shipping|Win64.ActiveCfg = Shipping|x64
		{EE942536-3238-4EEC-A56B-4D9CFD2C0EFF}.Shipping|Win64.Build.0 = Shipping|x64
=======
		{C4C3CC95-F90E-4D25-9DEE-89C0A4409DA4}.DebugGame Editor|HTML5.ActiveCfg = BuiltWithUnrealBuildTool|Win32
		{C4C3CC95-F90E-4D25-9DEE-89C0A4409DA4}.DebugGame Editor|Win32.ActiveCfg = BuiltWithUnrealBuildTool|Win32
		{C4C3CC95-F90E-4D25-9DEE-89C0A4409DA4}.DebugGame Editor|Win64.ActiveCfg = BuiltWithUnrealBuildTool|Win32
		{C4C3CC95-F90E-4D25-9DEE-89C0A4409DA4}.DebugGame|HTML5.ActiveCfg = BuiltWithUnrealBuildTool|Win32
		{C4C3CC95-F90E-4D25-9DEE-89C0A4409DA4}.DebugGame|Win32.ActiveCfg = BuiltWithUnrealBuildTool|Win32
		{C4C3CC95-F90E-4D25-9DEE-89C0A4409DA4}.DebugGame|Win64.ActiveCfg = BuiltWithUnrealBuildTool|Win32
		{C4C3CC95-F90E-4D25-9DEE-89C0A4409DA4}.Development Editor|HTML5.ActiveCfg = BuiltWithUnrealBuildTool|Win32
		{C4C3CC95-F90E-4D25-9DEE-89C0A4409DA4}.Development Editor|Win32.ActiveCfg = BuiltWithUnrealBuildTool|Win32
		{C4C3CC95-F90E-4D25-9DEE-89C0A4409DA4}.Development Editor|Win64.ActiveCfg = BuiltWithUnrealBuildTool|Win32
		{C4C3CC95-F90E-4D25-9DEE-89C0A4409DA4}.Development|HTML5.ActiveCfg = BuiltWithUnrealBuildTool|Win32
		{C4C3CC95-F90E-4D25-9DEE-89C0A4409DA4}.Development|Win32.ActiveCfg = BuiltWithUnrealBuildTool|Win32
		{C4C3CC95-F90E-4D25-9DEE-89C0A4409DA4}.Development|Win64.ActiveCfg = BuiltWithUnrealBuildTool|Win32
		{C4C3CC95-F90E-4D25-9DEE-89C0A4409DA4}.Shipping|HTML5.ActiveCfg = BuiltWithUnrealBuildTool|Win32
		{C4C3CC95-F90E-4D25-9DEE-89C0A4409DA4}.Shipping|Win32.ActiveCfg = BuiltWithUnrealBuildTool|Win32
		{C4C3CC95-F90E-4D25-9DEE-89C0A4409DA4}.Shipping|Win64.ActiveCfg = BuiltWithUnrealBuildTool|Win32
		{9F48733D-C728-41B4-A085-61842D20DBE6}.DebugGame Editor|HTML5.ActiveCfg = Invalid|Win32
		{9F48733D-C728-41B4-A085-61842D20DBE6}.DebugGame Editor|Win32.ActiveCfg = Invalid|Win32
		{9F48733D-C728-41B4-A085-61842D20DBE6}.DebugGame Editor|Win64.ActiveCfg = DebugGame_Editor|x64
		{9F48733D-C728-41B4-A085-61842D20DBE6}.DebugGame Editor|Win64.Build.0 = DebugGame_Editor|x64
		{9F48733D-C728-41B4-A085-61842D20DBE6}.DebugGame|HTML5.ActiveCfg = HTML5_DebugGame|Win32
		{9F48733D-C728-41B4-A085-61842D20DBE6}.DebugGame|HTML5.Build.0 = HTML5_DebugGame|Win32
		{9F48733D-C728-41B4-A085-61842D20DBE6}.DebugGame|Win32.ActiveCfg = DebugGame|Win32
		{9F48733D-C728-41B4-A085-61842D20DBE6}.DebugGame|Win32.Build.0 = DebugGame|Win32
		{9F48733D-C728-41B4-A085-61842D20DBE6}.DebugGame|Win64.ActiveCfg = DebugGame|x64
		{9F48733D-C728-41B4-A085-61842D20DBE6}.DebugGame|Win64.Build.0 = DebugGame|x64
		{9F48733D-C728-41B4-A085-61842D20DBE6}.Development Editor|HTML5.ActiveCfg = Invalid|Win32
		{9F48733D-C728-41B4-A085-61842D20DBE6}.Development Editor|Win32.ActiveCfg = Invalid|Win32
		{9F48733D-C728-41B4-A085-61842D20DBE6}.Development Editor|Win64.ActiveCfg = Development_Editor|x64
		{9F48733D-C728-41B4-A085-61842D20DBE6}.Development Editor|Win64.Build.0 = Development_Editor|x64
		{9F48733D-C728-41B4-A085-61842D20DBE6}.Development|HTML5.ActiveCfg = HTML5_Development|Win32
		{9F48733D-C728-41B4-A085-61842D20DBE6}.Development|HTML5.Build.0 = HTML5_Development|Win32
		{9F48733D-C728-41B4-A085-61842D20DBE6}.Development|Win32.ActiveCfg = Development|Win32
		{9F48733D-C728-41B4-A085-61842D20DBE6}.Development|Win32.Build.0 = Development|Win32
		{9F48733D-C728-41B4-A085-61842D20DBE6}.Development|Win64.ActiveCfg = Development|x64
		{9F48733D-C728-41B4-A085-61842D20DBE6}.Development|Win64.Build.0 = Development|x64
		{9F48733D-C728-41B4-A085-61842D20DBE6}.Shipping|HTML5.ActiveCfg = HTML5_Shipping|Win32
		{9F48733D-C728-41B4-A085-61842D20DBE6}.Shipping|HTML5.Build.0 = HTML5_Shipping|Win32
		{9F48733D-C728-41B4-A085-61842D20DBE6}.Shipping|Win32.ActiveCfg = Shipping|Win32
		{9F48733D-C728-41B4-A085-61842D20DBE6}.Shipping|Win32.Build.0 = Shipping|Win32
		{9F48733D-C728-41B4-A085-61842D20DBE6}.Shipping|Win64.ActiveCfg = Shipping|x64
		{9F48733D-C728-41B4-A085-61842D20DBE6}.Shipping|Win64.Build.0 = Shipping|x64
>>>>>>> cf15187e4f22eb9283c2ec1c5dc1c0fd3121a4fd
	EndGlobalSection
	GlobalSection(SolutionProperties) = preSolution
		HideSolutionNode = FALSE
	EndGlobalSection
	GlobalSection(NestedProjects) = preSolution
<<<<<<< HEAD
		{ED715707-E5D7-449D-8E06-72699B0C0882} = {6BA9600C-192F-4A98-AFE7-D35C133573CA}
		{EE942536-3238-4EEC-A56B-4D9CFD2C0EFF} = {78699695-2EAE-49EB-9219-CD360EE45730}
=======
		{C4C3CC95-F90E-4D25-9DEE-89C0A4409DA4} = {ECC73FFA-DA25-4C0F-96C2-C314C8EB466F}
		{9F48733D-C728-41B4-A085-61842D20DBE6} = {2EE3AD25-F819-4E5D-8D2C-BD7F50C7F838}
	EndGlobalSection
	GlobalSection(ExtensibilityGlobals) = postSolution
		SolutionGuid = {883B284B-3CBD-4F4B-88C9-C9AFDAD18E8C}
>>>>>>> cf15187e4f22eb9283c2ec1c5dc1c0fd3121a4fd
	EndGlobalSection
EndGlobal
